
Microsoft Visual Studio Solution File, Format Version 12.00
Project("{FAE04EC0-301F-11D3-BF4B-00C04F79EFBC}") = "csharp", "csharp.csproj", "{58E38BA7-C7E2-4F08-B6A2-ED7D7F583F26}"
EndProject
Global
	GlobalSection(SolutionConfigurationPlatforms) = preSolution
		Debug|Any CPU = Debug|Any CPU
		Release|Any CPU = Release|Any CPU
	EndGlobalSection
	GlobalSection(ProjectConfigurationPlatforms) = postSolution
		{58E38BA7-C7E2-4F08-B6A2-ED7D7F583F26}.Debug|Any CPU.ActiveCfg = Debug|Any CPU
		{58E38BA7-C7E2-4F08-B6A2-ED7D7F583F26}.Debug|Any CPU.Build.0 = Debug|Any CPU
		{58E38BA7-C7E2-4F08-B6A2-ED7D7F583F26}.Release|Any CPU.ActiveCfg = Release|Any CPU
		{58E38BA7-C7E2-4F08-B6A2-ED7D7F583F26}.Release|Any CPU.Build.0 = Release|Any CPU
	EndGlobalSection
EndGlobal
